
Microsoft Visual Studio Solution File, Format Version 12.00
# Visual Studio Version 17
VisualStudioVersion = 17.14.36414.22 d17.14
MinimumVisualStudioVersion = 10.0.40219.1
Project("{FAE04EC0-301F-11D3-BF4B-00C04F79EFBC}") = "BankSystem.API", "BankSystem.API\BankSystem.API.csproj", "{1B98BA7B-F3C3-4316-9E54-9D4727437041}"
EndProject
Project("{FAE04EC0-301F-11D3-BF4B-00C04F79EFBC}") = "BankSystem.Application", "BankSystem.Application\BankSystem.Application.csproj", "{F27956C4-3177-4330-A26C-3A7B79E161B3}"
EndProject
Project("{FAE04EC0-301F-11D3-BF4B-00C04F79EFBC}") = "BankSystem.Domain", "BankSystem.Domain\BankSystem.Domain.csproj", "{A6994CD2-FEB4-45E4-8122-A20C2A701ED5}"
EndProject
Project("{FAE04EC0-301F-11D3-BF4B-00C04F79EFBC}") = "BankSystem.Infrastructure", "BankSystem.Infrastructure\BankSystem.Infrastructure.csproj", "{C74EC633-81A6-44B0-809A-9E89440A2037}"
EndProject
Global
	GlobalSection(SolutionConfigurationPlatforms) = preSolution
		Debug|Any CPU = Debug|Any CPU
		Release|Any CPU = Release|Any CPU
	EndGlobalSection
	GlobalSection(ProjectConfigurationPlatforms) = postSolution
		{1B98BA7B-F3C3-4316-9E54-9D4727437041}.Debug|Any CPU.ActiveCfg = Debug|Any CPU
		{1B98BA7B-F3C3-4316-9E54-9D4727437041}.Debug|Any CPU.Build.0 = Debug|Any CPU
		{1B98BA7B-F3C3-4316-9E54-9D4727437041}.Release|Any CPU.ActiveCfg = Release|Any CPU
		{1B98BA7B-F3C3-4316-9E54-9D4727437041}.Release|Any CPU.Build.0 = Release|Any CPU
		{F27956C4-3177-4330-A26C-3A7B79E161B3}.Debug|Any CPU.ActiveCfg = Debug|Any CPU
		{F27956C4-3177-4330-A26C-3A7B79E161B3}.Debug|Any CPU.Build.0 = Debug|Any CPU
		{F27956C4-3177-4330-A26C-3A7B79E161B3}.Release|Any CPU.ActiveCfg = Release|Any CPU
		{F27956C4-3177-4330-A26C-3A7B79E161B3}.Release|Any CPU.Build.0 = Release|Any CPU
		{A6994CD2-FEB4-45E4-8122-A20C2A701ED5}.Debug|Any CPU.ActiveCfg = Debug|Any CPU
		{A6994CD2-FEB4-45E4-8122-A20C2A701ED5}.Debug|Any CPU.Build.0 = Debug|Any CPU
		{A6994CD2-FEB4-45E4-8122-A20C2A701ED5}.Release|Any CPU.ActiveCfg = Release|Any CPU
		{A6994CD2-FEB4-45E4-8122-A20C2A701ED5}.Release|Any CPU.Build.0 = Release|Any CPU
		{C74EC633-81A6-44B0-809A-9E89440A2037}.Debug|Any CPU.ActiveCfg = Debug|Any CPU
		{C74EC633-81A6-44B0-809A-9E89440A2037}.Debug|Any CPU.Build.0 = Debug|Any CPU
		{C74EC633-81A6-44B0-809A-9E89440A2037}.Release|Any CPU.ActiveCfg = Release|Any CPU
		{C74EC633-81A6-44B0-809A-9E89440A2037}.Release|Any CPU.Build.0 = Release|Any CPU
	EndGlobalSection
	GlobalSection(SolutionProperties) = preSolution
		HideSolutionNode = FALSE
	EndGlobalSection
	GlobalSection(ExtensibilityGlobals) = postSolution
		SolutionGuid = {E982D063-1D7B-4C1E-9779-3274C414161E}
	EndGlobalSection
EndGlobal
